
Microsoft Visual Studio Solution File, Format Version 12.00
# Visual Studio Version 17
VisualStudioVersion = 17.7.34003.232
MinimumVisualStudioVersion = 10.0.40219.1
Project("{2150E333-8FDC-42A3-9474-1A3956D46DE8}") = "src", "src", "{AA72023A-746F-49B0-BBCC-073D33FB53DF}"
EndProject
Project("{2150E333-8FDC-42A3-9474-1A3956D46DE8}") = "test", "test", "{C5DC40E1-F07E-4992-A328-0CF637CD9174}"
EndProject
Project("{9A19103F-16F7-4668-BE54-9A1E7A4F7556}") = "ApartmentBooking.Domain", "Apartment.Domain\ApartmentBooking.Domain.csproj", "{2EC58491-F7F5-4D64-8BC0-778B82234CD0}"
EndProject
Project("{9A19103F-16F7-4668-BE54-9A1E7A4F7556}") = "ApartmentBooking.Application", "ApartmentBooking.Application\ApartmentBooking.Application.csproj", "{32703582-F23C-4E81-B59C-B7A2E759424F}"
EndProject
Project("{9A19103F-16F7-4668-BE54-9A1E7A4F7556}") = "ApartmentBooking.Infrastructure", "ApartmentBooking.Infrastructure\ApartmentBooking.Infrastructure.csproj", "{D299F2EF-9E8E-4EAC-AF8A-B3862BA0AAEC}"
EndProject
Project("{9A19103F-16F7-4668-BE54-9A1E7A4F7556}") = "ApartmentBooking.Api", "ApartmentBooking.Api\ApartmentBooking.Api.csproj", "{6082215A-05D0-4550-BD04-7751F18C9430}"
EndProject
Project("{E53339B2-1760-4266-BCC7-CA923CBCF16C}") = "docker-compose", "docker-compose.dcproj", "{F07639CC-7F70-4D21-943F-40D095938F69}"
EndProject
Global
	GlobalSection(SolutionConfigurationPlatforms) = preSolution
		Debug|Any CPU = Debug|Any CPU
		Release|Any CPU = Release|Any CPU
	EndGlobalSection
	GlobalSection(ProjectConfigurationPlatforms) = postSolution
		{2EC58491-F7F5-4D64-8BC0-778B82234CD0}.Debug|Any CPU.ActiveCfg = Debug|Any CPU
		{2EC58491-F7F5-4D64-8BC0-778B82234CD0}.Debug|Any CPU.Build.0 = Debug|Any CPU
		{2EC58491-F7F5-4D64-8BC0-778B82234CD0}.Release|Any CPU.ActiveCfg = Release|Any CPU
		{2EC58491-F7F5-4D64-8BC0-778B82234CD0}.Release|Any CPU.Build.0 = Release|Any CPU
		{32703582-F23C-4E81-B59C-B7A2E759424F}.Debug|Any CPU.ActiveCfg = Debug|Any CPU
		{32703582-F23C-4E81-B59C-B7A2E759424F}.Debug|Any CPU.Build.0 = Debug|Any CPU
		{32703582-F23C-4E81-B59C-B7A2E759424F}.Release|Any CPU.ActiveCfg = Release|Any CPU
		{32703582-F23C-4E81-B59C-B7A2E759424F}.Release|Any CPU.Build.0 = Release|Any CPU
		{D299F2EF-9E8E-4EAC-AF8A-B3862BA0AAEC}.Debug|Any CPU.ActiveCfg = Debug|Any CPU
		{D299F2EF-9E8E-4EAC-AF8A-B3862BA0AAEC}.Debug|Any CPU.Build.0 = Debug|Any CPU
		{D299F2EF-9E8E-4EAC-AF8A-B3862BA0AAEC}.Release|Any CPU.ActiveCfg = Release|Any CPU
		{D299F2EF-9E8E-4EAC-AF8A-B3862BA0AAEC}.Release|Any CPU.Build.0 = Release|Any CPU
		{6082215A-05D0-4550-BD04-7751F18C9430}.Debug|Any CPU.ActiveCfg = Debug|Any CPU
		{6082215A-05D0-4550-BD04-7751F18C9430}.Debug|Any CPU.Build.0 = Debug|Any CPU
		{6082215A-05D0-4550-BD04-7751F18C9430}.Release|Any CPU.ActiveCfg = Release|Any CPU
		{6082215A-05D0-4550-BD04-7751F18C9430}.Release|Any CPU.Build.0 = Release|Any CPU
		{F07639CC-7F70-4D21-943F-40D095938F69}.Debug|Any CPU.ActiveCfg = Debug|Any CPU
		{F07639CC-7F70-4D21-943F-40D095938F69}.Debug|Any CPU.Build.0 = Debug|Any CPU
		{F07639CC-7F70-4D21-943F-40D095938F69}.Release|Any CPU.ActiveCfg = Release|Any CPU
		{F07639CC-7F70-4D21-943F-40D095938F69}.Release|Any CPU.Build.0 = Release|Any CPU
	EndGlobalSection
	GlobalSection(SolutionProperties) = preSolution
		HideSolutionNode = FALSE
	EndGlobalSection
	GlobalSection(NestedProjects) = preSolution
		{2EC58491-F7F5-4D64-8BC0-778B82234CD0} = {AA72023A-746F-49B0-BBCC-073D33FB53DF}
		{32703582-F23C-4E81-B59C-B7A2E759424F} = {AA72023A-746F-49B0-BBCC-073D33FB53DF}
		{D299F2EF-9E8E-4EAC-AF8A-B3862BA0AAEC} = {AA72023A-746F-49B0-BBCC-073D33FB53DF}
		{6082215A-05D0-4550-BD04-7751F18C9430} = {AA72023A-746F-49B0-BBCC-073D33FB53DF}
	EndGlobalSection
	GlobalSection(ExtensibilityGlobals) = postSolution
		SolutionGuid = {709114F8-B4CD-4A7B-87A8-935AED8C4F20}
	EndGlobalSection
EndGlobal
